{"SurveyEntry":{"SurveyID":"SV_4N7a2cOpESu2Cqi","SurveyName":"occupation fuzzy","SurveyDescription":null,"SurveyOwnerID":"UR_88tIdfSlsQZydVz","SurveyBrandID":"ucalgary","DivisionID":null,"SurveyLanguage":"EN","SurveyActiveResponseSet":"RS_6hdHK37wb0tSS3k","SurveyStatus":"Active","SurveyStartDate":"0000-00-00 00:00:00","SurveyExpirationDate":"0000-00-00 00:00:00","SurveyCreationDate":"2025-08-07 15:36:19","CreatorID":"UR_88tIdfSlsQZydVz","LastModified":"2025-09-04 09:21:37","LastAccessed":"0000-00-00 00:00:00","LastActivated":"2025-08-11 12:07:18","Deleted":null},"SurveyElements":[{"SurveyID":"SV_4N7a2cOpESu2Cqi","Element":"BL","PrimaryAttribute":"Survey Blocks","SecondaryAttribute":null,"TertiaryAttribute":null,"Payload":[{"Type":"Default","Description":"Default Question Block","ID":"BL_0BTv7DcyGFYr78O","BlockElements":[{"Type":"Question","QuestionID":"QID1"},{"Type":"Page Break"},{"Type":"Question","QuestionID":"QID2"}]},{"Type":"Trash","Description":"Trash \/ Unused Questions","ID":"BL_ePehkpzOALi4JE2"}]},{"SurveyID":"SV_4N7a2cOpESu2Cqi","Element":"FL","PrimaryAttribute":"Survey Flow","SecondaryAttribute":null,"TertiaryAttribute":null,"Payload":{"Type":"Root","FlowID":"FL_1","Flow":[{"Type":"EmbeddedData","FlowID":"FL_3","EmbeddedData":[{"Description":"occupation-name","Type":"Recipient","Field":"occupation-name","VariableType":"String","DataVisibility":[],"AnalyzeText":false},{"Description":"occupation-category","Type":"Recipient","Field":"occupation-category","VariableType":"String","DataVisibility":[],"AnalyzeText":false}]},{"Type":"Block","ID":"BL_0BTv7DcyGFYr78O","FlowID":"FL_2","Autofill":[]}],"Properties":{"Count":3}}},{"SurveyID":"SV_4N7a2cOpESu2Cqi","Element":"PL","PrimaryAttribute":"Preview Link","SecondaryAttribute":null,"TertiaryAttribute":null,"Payload":{"PreviewType":"Brand","PreviewID":"d01cce38-2446-42e3-9935-9459211ceca0"}},{"SurveyID":"SV_4N7a2cOpESu2Cqi","Element":"PROJ","PrimaryAttribute":"CORE","SecondaryAttribute":null,"TertiaryAttribute":"1.1.0","Payload":{"ProjectCategory":"CORE","SchemaVersion":"1.1.0"}},{"SurveyID":"SV_4N7a2cOpESu2Cqi","Element":"QC","PrimaryAttribute":"Survey Question Count","SecondaryAttribute":"2","TertiaryAttribute":null,"Payload":null},{"SurveyID":"SV_4N7a2cOpESu2Cqi","Element":"QG","PrimaryAttribute":"QG_sORaGwPMQtbuW9D","SecondaryAttribute":"Default Quota Group","TertiaryAttribute":null,"Payload":{"ID":"QG_sORaGwPMQtbuW9D","Name":"Default Quota Group","Selected":true,"MultipleMatch":"PlaceInAll","Public":false,"Quotas":[]}},{"SurveyID":"SV_4N7a2cOpESu2Cqi","Element":"QGO","PrimaryAttribute":"QGO_QuotaGroupOrder","SecondaryAttribute":null,"TertiaryAttribute":null,"Payload":["QG_sORaGwPMQtbuW9D"]},{"SurveyID":"SV_4N7a2cOpESu2Cqi","Element":"RS","PrimaryAttribute":"RS_6hdHK37wb0tSS3k","SecondaryAttribute":"Default Response Set","TertiaryAttribute":null,"Payload":null},{"SurveyID":"SV_4N7a2cOpESu2Cqi","Element":"SCO","PrimaryAttribute":"Scoring","SecondaryAttribute":null,"TertiaryAttribute":null,"Payload":{"ScoringCategories":[],"ScoringCategoryGroups":[],"ScoringSummaryCategory":null,"ScoringSummaryAfterQuestions":0,"ScoringSummaryAfterSurvey":0,"DefaultScoringCategory":null,"AutoScoringCategory":null}},{"SurveyID":"SV_4N7a2cOpESu2Cqi","Element":"SO","PrimaryAttribute":"Survey Options","SecondaryAttribute":null,"TertiaryAttribute":null,"Payload":{"BackButton":"true","SaveAndContinue":"true","SurveyProtection":"PublicSurvey","BallotBoxStuffingPrevention":"false","NoIndex":"Yes","SecureResponseFiles":"true","SurveyExpiration":"None","SurveyTermination":"DefaultMessage","Header":"<!-- jQuery -->     <script src=\"https:\/\/code.jquery.com\/jquery-3.6.0.min.js\"><\/script>     <link       rel=\"stylesheet\"       href=\"https:\/\/cdnjs.cloudflare.com\/ajax\/libs\/selectize.js\/0.15.2\/css\/selectize.default.min.css\"       integrity=\"sha512-pTaEn+6gF1IeWv3W1+7X7eM60TFu\/agjgoHmYhAfLEU8Phuf6JKiiE8YmsNC0aCgQv4192s4Vai8YZ6VNM6vyQ==\"       crossorigin=\"anonymous\"       referrerpolicy=\"no-referrer\"     \/>     <script       src=\"https:\/\/cdnjs.cloudflare.com\/ajax\/libs\/selectize.js\/0.15.2\/js\/selectize.min.js\"       integrity=\"sha512-IOebNkvA\/HZjMM7MxL0NYeLYEalloZ8ckak+NDtOViP7oiYzG5vn6WVXyrJDiJPhl4yRdmNAG49iuLmhkUdVsQ==\"       crossorigin=\"anonymous\"       referrerpolicy=\"no-referrer\"     ><\/script>     <script src=\"https:\/\/rafaelgottardo.github.io\/occupations-qualtrics\/occupations.js\"><\/script>","Footer":"","ProgressBarDisplay":"None","PartialData":"+1 week","ValidationMessage":null,"PreviousButton":" \u2190 ","NextButton":" \u2192 ","SurveyTitle":"Qualtrics Survey | Qualtrics Experience Management","SkinLibrary":"ucalgary","SkinType":"templated","Skin":{"brandingId":null,"templateId":"*base","overrides":null},"NewScoring":1,"SurveyMetaDescription":"The most powerful, simple and trusted way to gather experience data. Start your journey to experience management and try a free account today.","EOSMessage":null,"ShowExportTags":"false","CollectGeoLocation":"false","PasswordProtection":"No","AnonymizeResponse":"No","RefererCheck":"No","BallotBoxStuffingPreventionBehavior":null,"BallotBoxStuffingPreventionMessage":null,"BallotBoxStuffingPreventionMessageLibrary":null,"BallotBoxStuffingPreventionURL":null,"RecaptchaV3":"false","ConfirmStart":false,"AutoConfirmStart":false,"RelevantID":"false","RelevantIDLockoutPeriod":"+30 days","UseCustomSurveyLinkCompletedMessage":null,"SurveyLinkCompletedMessage":null,"SurveyLinkCompletedMessageLibrary":null,"ResponseSummary":"No","EOSMessageLibrary":null,"EOSRedirectURL":null,"EmailThankYou":"false","ThankYouEmailMessageLibrary":null,"ThankYouEmailMessage":null,"ValidateMessage":"false","ValidationMessageLibrary":null,"InactiveSurvey":"DefaultMessage","PartialDeletion":null,"PartialDataCloseAfter":"LastActivity","InactiveMessageLibrary":null,"InactiveMessage":null,"AvailableLanguages":{"EN":[]},"ProtectSelectionIds":true}},{"SurveyID":"SV_4N7a2cOpESu2Cqi","Element":"SQ","PrimaryAttribute":"QID1","SecondaryAttribute":"QUESTION TEXT Clear","TertiaryAttribute":null,"Payload":{"QuestionText":"<p>QUESTION TEXT<\/p>\n<select\n  id=\"select\"\n  multiple\n  placeholder=\"Begin typing your occupation...\"\n><\/select>\n<button id=\"button-clear\">Clear<\/button>","DefaultChoices":false,"DataExportTag":"Q1","QuestionID":"QID1","QuestionType":"DB","Selector":"TB","DataVisibility":{"Private":false,"Hidden":false},"Configuration":{"QuestionDescriptionOption":"UseText"},"QuestionDescription":"QUESTION TEXT Clear","ChoiceOrder":[],"Validation":{"Settings":{"Type":"None"}},"GradingData":[],"Language":[],"NextChoiceId":4,"NextAnswerId":1,"QuestionJS":"\/\/ Decode Unicode characters (get actual decoded unicode, such as for accented letters)\nfunction decodeUnicode(str) {\n  return str.replace(\/\\\\u[\\dA-F]{4}\/gi, function (match) {\n    return String.fromCharCode(parseInt(match.replace(\/\\\\u\/g, \"\"), 16));\n  });\n}\n\n\/\/ Prepare data\n\/\/ occupation_names and occupation_category loaded in header\nlet occup_names = [];\noccup_lookup = {};\nfor (let i = 0; i < occupation_names.length; i++) {\n  \/\/ create an occup names array, which is only for use in the selectize menu\n  \/\/ because it only accepts arrays\n  let decodedName = decodeUnicode(occupation_names[i]);\n  let decodedCategory = decodeUnicode(occupation_category[i]);\n  occup_names.push({ id: i, title: decodedName });\n  \/\/ For performance, create a lookup object that maps ids from occup_names to\n  \/\/ occupation names and categories for final data storage and verification by\n  \/\/ the user\n  occup_lookup[i] = {\n    name: decodedName,\n    category: decodedCategory,\n  };\n}\n\nvar $select = $(\"#select\").selectize({\n  maxItems: 1,\n  valueField: \"id\",\n  labelField: \"title\",\n  searchField: \"title\",\n  options: occup_names,\n  create: false,\n});\n\n\/\/ clear button\nvar control = $select[0].selectize;\n$(\"#button-clear\").on(\"click\", function () {\n  control.clear();\n});\n\nQualtrics.SurveyEngine.addOnPageSubmit(function () {\n  let id = $(\"#select\")[0].selectize.getValue();\n  let selected = occup_lookup[id];\n  if (selected) {\n    \/\/ Set embedded data\n    Qualtrics.SurveyEngine.setEmbeddedData(\"occupation-name\", selected.name);\n    Qualtrics.SurveyEngine.setEmbeddedData(\n      \"occupation-category\",\n      selected.category,\n    );\n  }\n});"}},{"SurveyID":"SV_4N7a2cOpESu2Cqi","Element":"SQ","PrimaryAttribute":"QID2","SecondaryAttribute":"You entered \"${e:\/\/Field\/occupation-name}\" which corresponds to \"${e:\/\/Field\/occupation-category}...","TertiaryAttribute":null,"Payload":{"QuestionText":"You entered \"${e:\/\/Field\/occupation-name}\" which corresponds to \"${e:\/\/Field\/occupation-category}\". Is this correct? If not, please go back to the previous question.\n<br><br>If your occupation was not listed please enter it below:","DefaultChoices":false,"DataExportTag":"Q2","QuestionType":"TE","Selector":"SL","DataVisibility":{"Private":false,"Hidden":false},"Configuration":{"QuestionDescriptionOption":"UseText"},"QuestionDescription":"You entered \"${e:\/\/Field\/occupation-name}\" which corresponds to \"${e:\/\/Field\/occupation-category}...","Validation":{"Settings":{"ForceResponse":"OFF","Type":"None"}},"GradingData":[],"Language":[],"NextChoiceId":4,"NextAnswerId":1,"SearchSource":{"AllowFreeResponse":"false"},"QuestionID":"QID2"}},{"SurveyID":"SV_4N7a2cOpESu2Cqi","Element":"STAT","PrimaryAttribute":"Survey Statistics","SecondaryAttribute":null,"TertiaryAttribute":null,"Payload":{"MobileCompatible":true,"ID":"Survey Statistics"}}]}